{
  "name": "lib",
  "lockfileVersion": 3,
  "requires": true,
  "packages": {
    "": {
      "dependencies": {
        "@babylonjs/core": "^6.36.0"
      }
    },
    "node_modules/@babylonjs/core": {
      "version": "6.39.0",
      "resolved": "https://registry.npmjs.org/@babylonjs/core/-/core-6.39.0.tgz",
      "integrity": "sha512-ZlE/vyeEdUp3sXnkhRg282sGn+UnEy5wutg2Ng2ttRLj+RD4PusRn9avAmkr/W4Ms6pAUnDw2rTv3+nFF0inBA=="
    }
  }
}
